{
  "nodes": {
    "home-manager": {
      "inputs": {
        "nixpkgs": [
          "unstable"
        ]
      },
      "locked": {
        "lastModified": 1601924802,
        "narHash": "sha256-J2QbHvIa2DcCs9OqRQ+SIrhsHAdVrb9gxlK3/VeVGFA=",
        "owner": "nix-community",
        "repo": "home-manager",
        "rev": "0006da1381b87844c944fe8b925ec864ccf19348",
        "type": "github"
      },
      "original": {
        "owner": "nix-community",
        "repo": "home-manager",
        "type": "github"
      }
    },
    "operatorMono": {
      "flake": false,
      "locked": {
        "narHash": "sha256-JpcVhbFCI7yuXkyo/3cN6QhFGGIfS6ew4Tf879et5pY=",
        "path": "/home/tifa/OperatorMono",
        "type": "path"
      },
      "original": {
        "path": "/home/tifa/OperatorMono",
        "type": "path"
      }
    },
    "root": {
      "inputs": {
        "home-manager": "home-manager",
        "operatorMono": "operatorMono",
        "unstable": "unstable"
      }
    },
    "unstable": {
      "locked": {
        "lastModified": 1601748386,
        "narHash": "sha256-XD4pczSuCz14fYthh/srVp6CJBIGRV7vkUYzk3AM7oA=",
        "owner": "NixOS",
        "repo": "nixpkgs",
        "rev": "30e98a4fd67c71277ee95c58c8fd691b69a09183",
        "type": "github"
      },
      "original": {
        "owner": "NixOS",
        "ref": "nixpkgs-unstable",
        "repo": "nixpkgs",
        "type": "github"
      }
    }
  },
  "root": "root",
  "version": 7
}
