{
  "nodes": {
    "home-manager": {
      "inputs": {
        "nixpkgs": [
          "unstable"
        ]
      },
      "locked": {
        "lastModified": 1606046962,
        "narHash": "sha256-244JrrVFht/VMRItDcDlrcwejqpqJInDUWA/x6mucW4=",
        "owner": "nix-community",
        "repo": "home-manager",
        "rev": "a3a0f1289acac24ce2ffe0481bf8cabd3a6ccc64",
        "type": "github"
      },
      "original": {
        "owner": "nix-community",
        "repo": "home-manager",
        "type": "github"
      }
    },
    "operatorMono": {
      "flake": false,
      "locked": {
        "narHash": "sha256-JpcVhbFCI7yuXkyo/3cN6QhFGGIfS6ew4Tf879et5pY=",
        "path": "/home/tifa/OperatorMono",
        "type": "path"
      },
      "original": {
        "path": "/home/tifa/OperatorMono",
        "type": "path"
      }
    },
    "root": {
      "inputs": {
        "home-manager": "home-manager",
        "operatorMono": "operatorMono",
        "unstable": "unstable"
      }
    },
    "unstable": {
      "locked": {
        "lastModified": 1605716121,
        "narHash": "sha256-CbHicvkzLTfEY+aSUeUY7dfFlDOgZH3uK+PpUfb/DPA=",
        "owner": "NixOS",
        "repo": "nixpkgs",
        "rev": "6625284c397b44bc9518a5a1567c1b5aae455c08",
        "type": "github"
      },
      "original": {
        "owner": "NixOS",
        "ref": "nixpkgs-unstable",
        "repo": "nixpkgs",
        "type": "github"
      }
    }
  },
  "root": "root",
  "version": 7
}
