{
  "nodes": {
    "flake-compat": {
      "flake": false,
      "locked": {
        "lastModified": 1696426674,
        "narHash": "sha256-kvjfFW7WAETZlt09AgDn1MrtKzP7t90Vf7vypd3OL1U=",
        "owner": "edolstra",
        "repo": "flake-compat",
        "rev": "0f9255e01c2351cc7d116c072cb317785dd33b33",
        "type": "github"
      },
      "original": {
        "owner": "edolstra",
        "repo": "flake-compat",
        "type": "github"
      }
    },
    "flake-parts": {
      "inputs": {
        "nixpkgs-lib": [
          "neovim-nightly-overlay",
          "nixpkgs"
        ]
      },
      "locked": {
        "lastModified": 1760948891,
        "narHash": "sha256-TmWcdiUUaWk8J4lpjzu4gCGxWY6/Ok7mOK4fIFfBuU4=",
        "owner": "hercules-ci",
        "repo": "flake-parts",
        "rev": "864599284fc7c0ba6357ed89ed5e2cd5040f0c04",
        "type": "github"
      },
      "original": {
        "owner": "hercules-ci",
        "repo": "flake-parts",
        "type": "github"
      }
    },
    "flake-utils": {
      "inputs": {
        "systems": "systems"
      },
      "locked": {
        "lastModified": 1731533236,
        "narHash": "sha256-l0KFg5HjrsfsO/JpG+r7fRrqm12kzFHyUHqHCVpMMbI=",
        "owner": "numtide",
        "repo": "flake-utils",
        "rev": "11707dc2f618dd54ca8739b309ec4fc024de578b",
        "type": "github"
      },
      "original": {
        "owner": "numtide",
        "repo": "flake-utils",
        "type": "github"
      }
    },
    "flake-utils_2": {
      "locked": {
        "lastModified": 1676283394,
        "narHash": "sha256-XX2f9c3iySLCw54rJ/CZs+ZK6IQy7GXNY4nSOyu2QG4=",
        "owner": "numtide",
        "repo": "flake-utils",
        "rev": "3db36a8b464d0c4532ba1c7dda728f4576d6d073",
        "type": "github"
      },
      "original": {
        "owner": "numtide",
        "repo": "flake-utils",
        "type": "github"
      }
    },
    "flake-utils_3": {
      "inputs": {
        "systems": "systems_2"
      },
      "locked": {
        "lastModified": 1705309234,
        "narHash": "sha256-uNRRNRKmJyCRC/8y1RqBkqWBLM034y4qN7EprSdmgyA=",
        "owner": "numtide",
        "repo": "flake-utils",
        "rev": "1ef2e671c3b0c19053962c07dbda38332dcebf26",
        "type": "github"
      },
      "original": {
        "owner": "numtide",
        "repo": "flake-utils",
        "type": "github"
      }
    },
    "github-markdown-toc-go-src": {
      "flake": false,
      "locked": {
        "lastModified": 1745996986,
        "narHash": "sha256-zIf+uQ1WSX8U4cRdSBvG4e142AOHyioNThdwt17ADss=",
        "owner": "ekalinin",
        "repo": "github-markdown-toc.go",
        "rev": "da18a701bc80b6d14c3e3f471ff12c60a8315b87",
        "type": "github"
      },
      "original": {
        "owner": "ekalinin",
        "repo": "github-markdown-toc.go",
        "type": "github"
      }
    },
    "home-manager": {
      "inputs": {
        "nixpkgs": [
          "nixpkgs"
        ]
      },
      "locked": {
        "lastModified": 1761750844,
        "narHash": "sha256-ab6kNHAEP/oWz8qdblnDw7TIwetr4GnmnDyvya0aw/k=",
        "owner": "nix-community",
        "repo": "home-manager",
        "rev": "b8082c6803353456d45e6a8c0d4b36ad33fb7d6a",
        "type": "github"
      },
      "original": {
        "owner": "nix-community",
        "repo": "home-manager",
        "type": "github"
      }
    },
    "janet-vim": {
      "flake": false,
      "locked": {
        "lastModified": 1714934235,
        "narHash": "sha256-TmbInorBSlKSK/D59izThad7PSfH2JmJdAnbOMhixHA=",
        "owner": "janet-lang",
        "repo": "janet.vim",
        "rev": "67075b190a44310df356137e35cc1949782b20e0",
        "type": "github"
      },
      "original": {
        "owner": "janet-lang",
        "repo": "janet.vim",
        "type": "github"
      }
    },
    "neovim-nightly-overlay": {
      "inputs": {
        "flake-parts": "flake-parts",
        "neovim-src": "neovim-src",
        "nixpkgs": "nixpkgs"
      },
      "locked": {
        "lastModified": 1761696321,
        "narHash": "sha256-UpAmPtmsO9g7+uECR+NsjuKCYPa5SFj2akkjLc51k8I=",
        "owner": "nix-community",
        "repo": "neovim-nightly-overlay",
        "rev": "37853aa4419e22dc2b7544e4238dd880af673bc8",
        "type": "github"
      },
      "original": {
        "owner": "nix-community",
        "repo": "neovim-nightly-overlay",
        "type": "github"
      }
    },
    "neovim-src": {
      "flake": false,
      "locked": {
        "lastModified": 1761695393,
        "narHash": "sha256-BMoy/in1jne82gM2LEiBG6hhiyllyvmSNBf4Vhrho7s=",
        "owner": "neovim",
        "repo": "neovim",
        "rev": "c2781d3db3efa3a86d9f383a0886567ff38e4d63",
        "type": "github"
      },
      "original": {
        "owner": "neovim",
        "repo": "neovim",
        "type": "github"
      }
    },
    "nix-fish-src": {
      "flake": false,
      "locked": {
        "lastModified": 1688477565,
        "narHash": "sha256-GMV0GyORJ8Tt2S9wTCo2lkkLtetYv0rc19aA5KJbo48=",
        "owner": "kidonng",
        "repo": "nix.fish",
        "rev": "ad57d970841ae4a24521b5b1a68121cf385ba71e",
        "type": "github"
      },
      "original": {
        "owner": "kidonng",
        "repo": "nix.fish",
        "type": "github"
      }
    },
    "nixpkgs": {
      "locked": {
        "lastModified": 1761594641,
        "narHash": "sha256-sImk6SJQASDLQo8l+0zWWaBgg7TueLS6lTvdH5pBZpo=",
        "owner": "NixOS",
        "repo": "nixpkgs",
        "rev": "1666250dbe4141e4ca8aaf89b40a3a51c2e36144",
        "type": "github"
      },
      "original": {
        "owner": "NixOS",
        "ref": "nixpkgs-unstable",
        "repo": "nixpkgs",
        "type": "github"
      }
    },
    "nixpkgs_2": {
      "locked": {
        "lastModified": 1761373498,
        "narHash": "sha256-Q/uhWNvd7V7k1H1ZPMy/vkx3F8C13ZcdrKjO7Jv7v0c=",
        "owner": "nixos",
        "repo": "nixpkgs",
        "rev": "6a08e6bb4e46ff7fcbb53d409b253f6bad8a28ce",
        "type": "github"
      },
      "original": {
        "owner": "nixos",
        "ref": "nixos-unstable",
        "repo": "nixpkgs",
        "type": "github"
      }
    },
    "nixpkgs_3": {
      "locked": {
        "lastModified": 1678500213,
        "narHash": "sha256-A5s2rXawJ+dCThkMXoMuYW8dgyUmkElcyfVJUot/Vr0=",
        "owner": "NixOS",
        "repo": "nixpkgs",
        "rev": "2ce9b9842b5e63884dfc3dea6689769e2a1ea309",
        "type": "github"
      },
      "original": {
        "owner": "NixOS",
        "ref": "nixpkgs-unstable",
        "repo": "nixpkgs",
        "type": "github"
      }
    },
    "nixpkgs_4": {
      "locked": {
        "lastModified": 1708161998,
        "narHash": "sha256-6KnemmUorCvlcAvGziFosAVkrlWZGIc6UNT9GUYr0jQ=",
        "owner": "NixOS",
        "repo": "nixpkgs",
        "rev": "84d981bae8b5e783b3b548de505b22880559515f",
        "type": "github"
      },
      "original": {
        "owner": "NixOS",
        "ref": "nixos-23.11",
        "repo": "nixpkgs",
        "type": "github"
      }
    },
    "nvim-alabaster-scheme-src": {
      "flake": false,
      "locked": {
        "lastModified": 1761326760,
        "narHash": "sha256-/HhkZIFpwYY+4eGfqdCHwNsEmQLUiolTm8grD3OFuTI=",
        "owner": "p00f",
        "repo": "alabaster.nvim",
        "rev": "59f1a91fd204d96d163932dcada8559fc6aee8cd",
        "type": "github"
      },
      "original": {
        "owner": "p00f",
        "repo": "alabaster.nvim",
        "type": "github"
      }
    },
    "operatorMono": {
      "flake": false,
      "locked": {
        "lastModified": 1621114225,
        "narHash": "sha256-iylzFsg9UnuEOF0MUbVtHTT4buLiTjTN7GMcRrX08F4=",
        "ref": "main",
        "rev": "378ed41d278a352364faa291ccc940f55987ac56",
        "revCount": 2,
        "type": "git",
        "url": "ssh://git@github.com/cidem/operatormono"
      },
      "original": {
        "ref": "main",
        "type": "git",
        "url": "ssh://git@github.com/cidem/operatormono"
      }
    },
    "root": {
      "inputs": {
        "flake-utils": "flake-utils",
        "github-markdown-toc-go-src": "github-markdown-toc-go-src",
        "home-manager": "home-manager",
        "janet-vim": "janet-vim",
        "neovim-nightly-overlay": "neovim-nightly-overlay",
        "nix-fish-src": "nix-fish-src",
        "nixpkgs": "nixpkgs_2",
        "nvim-alabaster-scheme-src": "nvim-alabaster-scheme-src",
        "operatorMono": "operatorMono",
        "sops-nix": "sops-nix",
        "vim-js": "vim-js",
        "yui": "yui",
        "zig-overlay": "zig-overlay"
      }
    },
    "sops-nix": {
      "inputs": {
        "nixpkgs": [
          "nixpkgs"
        ]
      },
      "locked": {
        "lastModified": 1760998189,
        "narHash": "sha256-ee2e1/AeGL5X8oy/HXsZQvZnae6XfEVdstGopKucYLY=",
        "owner": "Mic92",
        "repo": "sops-nix",
        "rev": "5a7d18b5c55642df5c432aadb757140edfeb70b3",
        "type": "github"
      },
      "original": {
        "owner": "Mic92",
        "repo": "sops-nix",
        "type": "github"
      }
    },
    "systems": {
      "locked": {
        "lastModified": 1681028828,
        "narHash": "sha256-Vy1rq5AaRuLzOxct8nz4T6wlgyUR7zLU309k9mBC768=",
        "owner": "nix-systems",
        "repo": "default",
        "rev": "da67096a3b9bf56a91d16901293e51ba5b49a27e",
        "type": "github"
      },
      "original": {
        "owner": "nix-systems",
        "repo": "default",
        "type": "github"
      }
    },
    "systems_2": {
      "locked": {
        "lastModified": 1681028828,
        "narHash": "sha256-Vy1rq5AaRuLzOxct8nz4T6wlgyUR7zLU309k9mBC768=",
        "owner": "nix-systems",
        "repo": "default",
        "rev": "da67096a3b9bf56a91d16901293e51ba5b49a27e",
        "type": "github"
      },
      "original": {
        "owner": "nix-systems",
        "repo": "default",
        "type": "github"
      }
    },
    "vim-js": {
      "flake": false,
      "locked": {
        "lastModified": 1753060655,
        "narHash": "sha256-Pz2zVCOXlTIHHwhHSbYUDCIlNg+ZpYKaFQsb+n/5qlU=",
        "owner": "yuezk",
        "repo": "vim-js",
        "rev": "f38483322d84eb87ebfe08dcb23da538ab3454cc",
        "type": "github"
      },
      "original": {
        "owner": "yuezk",
        "repo": "vim-js",
        "type": "github"
      }
    },
    "yui": {
      "inputs": {
        "flake-utils": "flake-utils_2",
        "nixpkgs": "nixpkgs_3"
      },
      "locked": {
        "lastModified": 1743191255,
        "narHash": "sha256-Cqk3UVJ8kmHYiQ/ggmHA03Bu7Dr/Yaaoa+dI0YKYdIY=",
        "owner": "cidem",
        "repo": "yui",
        "rev": "ec7141eba11f43faf3187649114213a30f5b4ce6",
        "type": "github"
      },
      "original": {
        "owner": "cidem",
        "repo": "yui",
        "type": "github"
      }
    },
    "zig-overlay": {
      "inputs": {
        "flake-compat": "flake-compat",
        "flake-utils": "flake-utils_3",
        "nixpkgs": "nixpkgs_4"
      },
      "locked": {
        "lastModified": 1761747934,
        "narHash": "sha256-80VmB/MA/Lx3T6LyLjzVMIgih9aZZm6DU8htC4k5nxU=",
        "owner": "mitchellh",
        "repo": "zig-overlay",
        "rev": "a5150d558dc58769d4309437e1ff3d9d473fb548",
        "type": "github"
      },
      "original": {
        "owner": "mitchellh",
        "repo": "zig-overlay",
        "type": "github"
      }
    }
  },
  "root": "root",
  "version": 7
}
